// !$*UTF8*$!
{
	archiveVersion = 1;
	classes = {
	};
	objectVersion = 46;
	objects = {

/* Begin PBXBuildFile section */
		114872471C8429EF00357D99 /* AppDelegate.swift in Sources */ = {isa = PBXBuildFile; fileRef = 114872461C8429EF00357D99 /* AppDelegate.swift */; };
		1148724C1C8429EF00357D99 /* Main.storyboard in Resources */ = {isa = PBXBuildFile; fileRef = 1148724A1C8429EF00357D99 /* Main.storyboard */; };
		1148724E1C8429EF00357D99 /* Assets.xcassets in Resources */ = {isa = PBXBuildFile; fileRef = 1148724D1C8429EF00357D99 /* Assets.xcassets */; };
		114872511C8429EF00357D99 /* LaunchScreen.storyboard in Resources */ = {isa = PBXBuildFile; fileRef = 1148724F1C8429EF00357D99 /* LaunchScreen.storyboard */; };
		114872591C842A5300357D99 /* ViewController.swift in Sources */ = {isa = PBXBuildFile; fileRef = 114872581C842A5300357D99 /* ViewController.swift */; };
/* End PBXBuildFile section */

/* Begin PBXFileReference section */
		114872431C8429EF00357D99 /* Project-11 collectionViewAnimation.app */ = {isa = PBXFileReference; explicitFileType = wrapper.application; includeInIndex = 0; path = "Project-11 collectionViewAnimation.app"; sourceTree = BUILT_PRODUCTS_DIR; };
		114872461C8429EF00357D99 /* AppDelegate.swift */ = {isa = PBXFileReference; lastKnownFileType = sourcecode.swift; path = AppDelegate.swift; sourceTree = "<group>"; };
		1148724B1C8429EF00357D99 /* Base */ = {isa = PBXFileReference; lastKnownFileType = file.storyboard; name = Base; path = Base.lproj/Main.storyboard; sourceTree = "<group>"; };
		1148724D1C8429EF00357D99 /* Assets.xcassets */ = {isa = PBXFileReference; lastKnownFileType = folder.assetcatalog; path = Assets.xcassets; sourceTree = "<group>"; };
		114872501C8429EF00357D99 /* Base */ = {isa = PBXFileReference; lastKnownFileType = file.storyboard; name = Base; path = Base.lproj/LaunchScreen.storyboard; sourceTree = "<group>"; };
		114872521C8429EF00357D99 /* Info.plist */ = {isa = PBXFileReference; lastKnownFileType = text.plist.xml; path = Info.plist; sourceTree = "<group>"; };
		114872581C842A5300357D99 /* ViewController.swift */ = {isa = PBXFileReference; fileEncoding = 4; lastKnownFileType = sourcecode.swift; path = ViewController.swift; sourceTree = "<group>"; };
/* End PBXFileReference section */

/* Begin PBXFrameworksBuildPhase section */
		114872401C8429EF00357D99 /* Frameworks */ = {
			isa = PBXFrameworksBuildPhase;
			buildActionMask = 2147483647;
			files = (
			);
			runOnlyForDeploymentPostprocessing = 0;
		};
/* End PBXFrameworksBuildPhase section */

/* Begin PBXGroup section */
		1148723A1C8429EF00357D99 = {
			isa = PBXGroup;
			children = (
				114872451C8429EF00357D99 /* Project-11 collectionViewAnimation */,
				114872441C8429EF00357D99 /* Products */,
			);
			sourceTree = "<group>";
		};
		114872441C8429EF00357D99 /* Products */ = {
			isa = PBXGroup;
			children = (
				114872431C8429EF00357D99 /* Project-11 collectionViewAnimation.app */,
			);
			name = Products;
			sourceTree = "<group>";
		};
		114872451C8429EF00357D99 /* Project-11 collectionViewAnimation */ = {
			isa = PBXGroup;
			children = (
				114872461C8429EF00357D99 /* AppDelegate.swift */,
				1148724A1C8429EF00357D99 /* Main.storyboard */,
				1148724D1C8429EF00357D99 /* Assets.xcassets */,
				1148724F1C8429EF00357D99 /* LaunchScreen.storyboard */,
				114872521C8429EF00357D99 /* Info.plist */,
				114872581C842A5300357D99 /* ViewController.swift */,
			);
			path = "Project-11 collectionViewAnimation";
			sourceTree = "<group>";
		};
/* End PBXGroup section */

/* Begin PBXNativeTarget section */
		114872421C8429EF00357D99 /* Project-11 collectionViewAnimation */ = {
			isa = PBXNativeTarget;
			buildConfigurationList = 114872551C8429EF00357D99 /* Build configuration list for PBXNativeTarget "Project-11 collectionViewAnimation" */;
			buildPhases = (
				1148723F1C8429EF00357D99 /* Sources */,
				114872401C8429EF00357D99 /* Frameworks */,
				114872411C8429EF00357D99 /* Resources */,
			);
			buildRules = (
			);
			dependencies = (
			);
			name = "Project-11 collectionViewAnimation";
			productName = "Project-11 collectionViewAnimation";
			productReference = 114872431C8429EF00357D99 /* Project-11 collectionViewAnimation.app */;
			productType = "com.apple.product-type.application";
		};
/* End PBXNativeTarget section */

/* Begin PBXProject section */
		1148723B1C8429EF00357D99 /* Project object */ = {
			isa = PBXProject;
			attributes = {
				LastSwiftUpdateCheck = 0720;
				LastUpgradeCheck = 0720;
				ORGANIZATIONNAME = zhangbiao;
				TargetAttributes = {
					114872421C8429EF00357D99 = {
						CreatedOnToolsVersion = 7.2;
					};
				};
			};
			buildConfigurationList = 1148723E1C8429EF00357D99 /* Build configuration list for PBXProject "Project-11 collectionViewAnimation" */;
			compatibilityVersion = "Xcode 3.2";
			developmentRegion = English;
			hasScannedForEncodings = 0;
			knownRegions = (
				en,
				Base,
			);
			mainGroup = 1148723A1C8429EF00357D99;
			productRefGroup = 114872441C8429EF00357D99 /* Products */;
			projectDirPath = "";
			projectRoot = "";
			targets = (
				114872421C8429EF00357D99 /* Project-11 collectionViewAnimation */,
			);
		};
/* End PBXProject section */

/* Begin PBXResourcesBuildPhase section */
		114872411C8429EF00357D99 /* Resources */ = {
			isa = PBXResourcesBuildPhase;
			buildActionMask = 2147483647;
			files = (
				114872511C8429EF00357D99 /* LaunchScreen.storyboard in Resources */,
				1148724E1C8429EF00357D99 /* Assets.xcassets in Resources */,
				1148724C1C8429EF00357D99 /* Main.storyboard in Resources */,
			);
			runOnlyForDeploymentPostprocessing = 0;
		};
/* End PBXResourcesBuildPhase section */

/* Begin PBXSourcesBuildPhase section */
		1148723F1C8429EF00357D99 /* Sources */ = {
			isa = PBXSourcesBuildPhase;
			buildActionMask = 2147483647;
			files = (
				114872591C842A5300357D99 /* ViewController.swift in Sources */,
				114872471C8429EF00357D99 /* AppDelegate.swift in Sources */,
			);
			runOnlyForDeploymentPostprocessing = 0;
		};
/* End PBXSourcesBuildPhase section */

/* Begin PBXVariantGroup section */
		1148724A1C8429EF00357D99 /* Main.storyboard */ = {
			isa = PBXVariantGroup;
			children = (
				1148724B1C8429EF00357D99 /* Base */,
			);
			name = Main.storyboard;
			sourceTree = "<group>";
		};
		1148724F1C8429EF00357D99 /* LaunchScreen.storyboard */ = {
			isa = PBXVariantGroup;
			children = (
				114872501C8429EF00357D99 /* Base */,
			);
			name = LaunchScreen.storyboard;
			sourceTree = "<group>";
		};
/* End PBXVariantGroup section */

/* Begin XCBuildConfiguration section */
		114872531C8429EF00357D99 /* Debug */ = {
			isa = XCBuildConfiguration;
			buildSettings = {
				ALWAYS_SEARCH_USER_PATHS = NO;
				CLANG_CXX_LANGUAGE_STANDARD = "gnu++0x";
				CLANG_CXX_LIBRARY = "libc++";
				CLANG_ENABLE_MODULES = YES;
				CLANG_ENABLE_OBJC_ARC = YES;
				CLANG_WARN_BOOL_CONVERSION = YES;
				CLANG_WARN_CONSTANT_CONVERSION = YES;
				CLANG_WARN_DIRECT_OBJC_ISA_USAGE = YES_ERROR;
				CLANG_WARN_EMPTY_BODY = YES;
				CLANG_WARN_ENUM_CONVERSION = YES;
				CLANG_WARN_INT_CONVERSION = YES;
				CLANG_WARN_OBJC_ROOT_CLASS = YES_ERROR;
				CLANG_WARN_UNREACHABLE_CODE = YES;
				CLANG_WARN__DUPLICATE_METHOD_MATCH = YES;
				"CODE_SIGN_IDENTITY[sdk=iphoneos*]" = "iPhone Developer";
				COPY_PHASE_STRIP = NO;
				DEBUG_INFORMATION_FORMAT = dwarf;
				ENABLE_STRICT_OBJC_MSGSEND = YES;
				ENABLE_TESTABILITY = YES;
				GCC_C_LANGUAGE_STANDARD = gnu99;
				GCC_DYNAMIC_NO_PIC = NO;
				GCC_NO_COMMON_BLOCKS = YES;
				GCC_OPTIMIZATION_LEVEL = 0;
				GCC_PREPROCESSOR_DEFINITIONS = (
					"DEBUG=1",
					"$(inherited)",
				);
				GCC_WARN_64_TO_32_BIT_CONVERSION = YES;
				GCC_WARN_ABOUT_RETURN_TYPE = YES_ERROR;
				GCC_WARN_UNDECLARED_SELECTOR = YES;
				GCC_WARN_UNINITIALIZED_AUTOS = YES_AGGRESSIVE;
				GCC_WARN_UNUSED_FUNCTION = YES;
				GCC_WARN_UNUSED_VARIABLE = YES;
				IPHONEOS_DEPLOYMENT_TARGET = 9.2;
				MTL_ENABLE_DEBUG_INFO = YES;
				ONLY_ACTIVE_ARCH = YES;
				SDKROOT = iphoneos;
				SWIFT_OPTIMIZATION_LEVEL = "-Onone";
			};
			name = Debug;
		};
		114872541C8429EF00357D99 /* Release */ = {
			isa = XCBuildConfiguration;
			buildSettings = {
				ALWAYS_SEARCH_USER_PATHS = NO;
				CLANG_CXX_LANGUAGE_STANDARD = "gnu++0x";
				CLANG_CXX_LIBRARY = "libc++";
				CLANG_ENABLE_MODULES = YES;
				CLANG_ENABLE_OBJC_ARC = YES;
				CLANG_WARN_BOOL_CONVERSION = YES;
				CLANG_WARN_CONSTANT_CONVERSION = YES;
				CLANG_WARN_DIRECT_OBJC_ISA_USAGE = YES_ERROR;
				CLANG_WARN_EMPTY_BODY = YES;
				CLANG_WARN_ENUM_CONVERSION = YES;
				CLANG_WARN_INT_CONVERSION = YES;
				CLANG_WARN_OBJC_ROOT_CLASS = YES_ERROR;
				CLANG_WARN_UNREACHABLE_CODE = YES;
				CLANG_WARN__DUPLICATE_METHOD_MATCH = YES;
				"CODE_SIGN_IDENTITY[sdk=iphoneos*]" = "iPhone Developer";
				COPY_PHASE_STRIP = NO;
				DEBUG_INFORMATION_FORMAT = "dwarf-with-dsym";
				ENABLE_NS_ASSERTIONS = NO;
				ENABLE_STRICT_OBJC_MSGSEND = YES;
				GCC_C_LANGUAGE_STANDARD = gnu99;
				GCC_NO_COMMON_BLOCKS = YES;
				GCC_WARN_64_TO_32_BIT_CONVERSION = YES;
				GCC_WARN_ABOUT_RETURN_TYPE = YES_ERROR;
				GCC_WARN_UNDECLARED_SELECTOR = YES;
				GCC_WARN_UNINITIALIZED_AUTOS = YES_AGGRESSIVE;
				GCC_WARN_UNUSED_FUNCTION = YES;
				GCC_WARN_UNUSED_VARIABLE = YES;
				IPHONEOS_DEPLOYMENT_TARGET = 9.2;
				MTL_ENABLE_DEBUG_INFO = NO;
				SDKROOT = iphoneos;
				VALIDATE_PRODUCT = YES;
			};
			name = Release;
		};
		114872561C8429EF00357D99 /* Debug */ = {
			isa = XCBuildConfiguration;
			buildSettings = {
				ASSETCATALOG_COMPILER_APPICON_NAME = AppIcon;
				INFOPLIST_FILE = "Project-11 collectionViewAnimation/Info.plist";
				LD_RUNPATH_SEARCH_PATHS = "$(inherited) @executable_path/Frameworks";
				PRODUCT_BUNDLE_IDENTIFIER = "com.szgyzb.Project-11-collectionViewAnimation";
				PRODUCT_NAME = "$(TARGET_NAME)";
			};
			name = Debug;
		};
		114872571C8429EF00357D99 /* Release */ = {
			isa = XCBuildConfiguration;
			buildSettings = {
				ASSETCATALOG_COMPILER_APPICON_NAME = AppIcon;
				INFOPLIST_FILE = "Project-11 collectionViewAnimation/Info.plist";
				LD_RUNPATH_SEARCH_PATHS = "$(inherited) @executable_path/Frameworks";
				PRODUCT_BUNDLE_IDENTIFIER = "com.szgyzb.Project-11-collectionViewAnimation";
				PRODUCT_NAME = "$(TARGET_NAME)";
			};
			name = Release;
		};
/* End XCBuildConfiguration section */

/* Begin XCConfigurationList section */
		1148723E1C8429EF00357D99 /* Build configuration list for PBXProject "Project-11 collectionViewAnimation" */ = {
			isa = XCConfigurationList;
			buildConfigurations = (
				114872531C8429EF00357D99 /* Debug */,
				114872541C8429EF00357D99 /* Release */,
			);
			defaultConfigurationIsVisible = 0;
			defaultConfigurationName = Release;
		};
		114872551C8429EF00357D99 /* Build configuration list for PBXNativeTarget "Project-11 collectionViewAnimation" */ = {
			isa = XCConfigurationList;
			buildConfigurations = (
				114872561C8429EF00357D99 /* Debug */,
				114872571C8429EF00357D99 /* Release */,
			);
			defaultConfigurationIsVisible = 0;
		};
/* End XCConfigurationList section */
	};
	rootObject = 1148723B1C8429EF00357D99 /* Project object */;
}
