// !$*UTF8*$!
{
	archiveVersion = 1;
	classes = {
	};
	objectVersion = 46;
	objects = {

/* Begin PBXBuildFile section */
		11ED7B571C7E9064007E8884 /* AppDelegate.swift in Sources */ = {isa = PBXBuildFile; fileRef = 11ED7B561C7E9064007E8884 /* AppDelegate.swift */; };
		11ED7B591C7E9064007E8884 /* ViewController.swift in Sources */ = {isa = PBXBuildFile; fileRef = 11ED7B581C7E9064007E8884 /* ViewController.swift */; };
		11ED7B5C1C7E9064007E8884 /* Main.storyboard in Resources */ = {isa = PBXBuildFile; fileRef = 11ED7B5A1C7E9064007E8884 /* Main.storyboard */; };
		11ED7B5E1C7E9064007E8884 /* Assets.xcassets in Resources */ = {isa = PBXBuildFile; fileRef = 11ED7B5D1C7E9064007E8884 /* Assets.xcassets */; };
		11ED7B611C7E9064007E8884 /* LaunchScreen.storyboard in Resources */ = {isa = PBXBuildFile; fileRef = 11ED7B5F1C7E9064007E8884 /* LaunchScreen.storyboard */; };
/* End PBXBuildFile section */

/* Begin PBXFileReference section */
		11ED7B531C7E9064007E8884 /* Project-6 放大和滑动图片.app */ = {isa = PBXFileReference; explicitFileType = wrapper.application; includeInIndex = 0; path = "Project-6 放大和滑动图片.app"; sourceTree = BUILT_PRODUCTS_DIR; };
		11ED7B561C7E9064007E8884 /* AppDelegate.swift */ = {isa = PBXFileReference; lastKnownFileType = sourcecode.swift; path = AppDelegate.swift; sourceTree = "<group>"; };
		11ED7B581C7E9064007E8884 /* ViewController.swift */ = {isa = PBXFileReference; lastKnownFileType = sourcecode.swift; path = ViewController.swift; sourceTree = "<group>"; };
		11ED7B5B1C7E9064007E8884 /* Base */ = {isa = PBXFileReference; lastKnownFileType = file.storyboard; name = Base; path = Base.lproj/Main.storyboard; sourceTree = "<group>"; };
		11ED7B5D1C7E9064007E8884 /* Assets.xcassets */ = {isa = PBXFileReference; lastKnownFileType = folder.assetcatalog; path = Assets.xcassets; sourceTree = "<group>"; };
		11ED7B601C7E9064007E8884 /* Base */ = {isa = PBXFileReference; lastKnownFileType = file.storyboard; name = Base; path = Base.lproj/LaunchScreen.storyboard; sourceTree = "<group>"; };
		11ED7B621C7E9064007E8884 /* Info.plist */ = {isa = PBXFileReference; lastKnownFileType = text.plist.xml; path = Info.plist; sourceTree = "<group>"; };
/* End PBXFileReference section */

/* Begin PBXFrameworksBuildPhase section */
		11ED7B501C7E9064007E8884 /* Frameworks */ = {
			isa = PBXFrameworksBuildPhase;
			buildActionMask = 2147483647;
			files = (
			);
			runOnlyForDeploymentPostprocessing = 0;
		};
/* End PBXFrameworksBuildPhase section */

/* Begin PBXGroup section */
		11ED7B4A1C7E9064007E8884 = {
			isa = PBXGroup;
			children = (
				11ED7B551C7E9064007E8884 /* Project-6 放大和滑动图片 */,
				11ED7B541C7E9064007E8884 /* Products */,
			);
			sourceTree = "<group>";
		};
		11ED7B541C7E9064007E8884 /* Products */ = {
			isa = PBXGroup;
			children = (
				11ED7B531C7E9064007E8884 /* Project-6 放大和滑动图片.app */,
			);
			name = Products;
			sourceTree = "<group>";
		};
		11ED7B551C7E9064007E8884 /* Project-6 放大和滑动图片 */ = {
			isa = PBXGroup;
			children = (
				11ED7B561C7E9064007E8884 /* AppDelegate.swift */,
				11ED7B581C7E9064007E8884 /* ViewController.swift */,
				11ED7B5A1C7E9064007E8884 /* Main.storyboard */,
				11ED7B5D1C7E9064007E8884 /* Assets.xcassets */,
				11ED7B5F1C7E9064007E8884 /* LaunchScreen.storyboard */,
				11ED7B621C7E9064007E8884 /* Info.plist */,
			);
			path = "Project-6 放大和滑动图片";
			sourceTree = "<group>";
		};
/* End PBXGroup section */

/* Begin PBXNativeTarget section */
		11ED7B521C7E9064007E8884 /* Project-6 放大和滑动图片 */ = {
			isa = PBXNativeTarget;
			buildConfigurationList = 11ED7B651C7E9064007E8884 /* Build configuration list for PBXNativeTarget "Project-6 放大和滑动图片" */;
			buildPhases = (
				11ED7B4F1C7E9064007E8884 /* Sources */,
				11ED7B501C7E9064007E8884 /* Frameworks */,
				11ED7B511C7E9064007E8884 /* Resources */,
			);
			buildRules = (
			);
			dependencies = (
			);
			name = "Project-6 放大和滑动图片";
			productName = "Project-6 放大和滑动图片";
			productReference = 11ED7B531C7E9064007E8884 /* Project-6 放大和滑动图片.app */;
			productType = "com.apple.product-type.application";
		};
/* End PBXNativeTarget section */

/* Begin PBXProject section */
		11ED7B4B1C7E9064007E8884 /* Project object */ = {
			isa = PBXProject;
			attributes = {
				LastSwiftUpdateCheck = 0720;
				LastUpgradeCheck = 0720;
				ORGANIZATIONNAME = zhangbiao;
				TargetAttributes = {
					11ED7B521C7E9064007E8884 = {
						CreatedOnToolsVersion = 7.2;
					};
				};
			};
			buildConfigurationList = 11ED7B4E1C7E9064007E8884 /* Build configuration list for PBXProject "Project-6 放大和滑动图片" */;
			compatibilityVersion = "Xcode 3.2";
			developmentRegion = English;
			hasScannedForEncodings = 0;
			knownRegions = (
				en,
				Base,
			);
			mainGroup = 11ED7B4A1C7E9064007E8884;
			productRefGroup = 11ED7B541C7E9064007E8884 /* Products */;
			projectDirPath = "";
			projectRoot = "";
			targets = (
				11ED7B521C7E9064007E8884 /* Project-6 放大和滑动图片 */,
			);
		};
/* End PBXProject section */

/* Begin PBXResourcesBuildPhase section */
		11ED7B511C7E9064007E8884 /* Resources */ = {
			isa = PBXResourcesBuildPhase;
			buildActionMask = 2147483647;
			files = (
				11ED7B611C7E9064007E8884 /* LaunchScreen.storyboard in Resources */,
				11ED7B5E1C7E9064007E8884 /* Assets.xcassets in Resources */,
				11ED7B5C1C7E9064007E8884 /* Main.storyboard in Resources */,
			);
			runOnlyForDeploymentPostprocessing = 0;
		};
/* End PBXResourcesBuildPhase section */

/* Begin PBXSourcesBuildPhase section */
		11ED7B4F1C7E9064007E8884 /* Sources */ = {
			isa = PBXSourcesBuildPhase;
			buildActionMask = 2147483647;
			files = (
				11ED7B591C7E9064007E8884 /* ViewController.swift in Sources */,
				11ED7B571C7E9064007E8884 /* AppDelegate.swift in Sources */,
			);
			runOnlyForDeploymentPostprocessing = 0;
		};
/* End PBXSourcesBuildPhase section */

/* Begin PBXVariantGroup section */
		11ED7B5A1C7E9064007E8884 /* Main.storyboard */ = {
			isa = PBXVariantGroup;
			children = (
				11ED7B5B1C7E9064007E8884 /* Base */,
			);
			name = Main.storyboard;
			sourceTree = "<group>";
		};
		11ED7B5F1C7E9064007E8884 /* LaunchScreen.storyboard */ = {
			isa = PBXVariantGroup;
			children = (
				11ED7B601C7E9064007E8884 /* Base */,
			);
			name = LaunchScreen.storyboard;
			sourceTree = "<group>";
		};
/* End PBXVariantGroup section */

/* Begin XCBuildConfiguration section */
		11ED7B631C7E9064007E8884 /* Debug */ = {
			isa = XCBuildConfiguration;
			buildSettings = {
				ALWAYS_SEARCH_USER_PATHS = NO;
				CLANG_CXX_LANGUAGE_STANDARD = "gnu++0x";
				CLANG_CXX_LIBRARY = "libc++";
				CLANG_ENABLE_MODULES = YES;
				CLANG_ENABLE_OBJC_ARC = YES;
				CLANG_WARN_BOOL_CONVERSION = YES;
				CLANG_WARN_CONSTANT_CONVERSION = YES;
				CLANG_WARN_DIRECT_OBJC_ISA_USAGE = YES_ERROR;
				CLANG_WARN_EMPTY_BODY = YES;
				CLANG_WARN_ENUM_CONVERSION = YES;
				CLANG_WARN_INT_CONVERSION = YES;
				CLANG_WARN_OBJC_ROOT_CLASS = YES_ERROR;
				CLANG_WARN_UNREACHABLE_CODE = YES;
				CLANG_WARN__DUPLICATE_METHOD_MATCH = YES;
				"CODE_SIGN_IDENTITY[sdk=iphoneos*]" = "iPhone Developer";
				COPY_PHASE_STRIP = NO;
				DEBUG_INFORMATION_FORMAT = dwarf;
				ENABLE_STRICT_OBJC_MSGSEND = YES;
				ENABLE_TESTABILITY = YES;
				GCC_C_LANGUAGE_STANDARD = gnu99;
				GCC_DYNAMIC_NO_PIC = NO;
				GCC_NO_COMMON_BLOCKS = YES;
				GCC_OPTIMIZATION_LEVEL = 0;
				GCC_PREPROCESSOR_DEFINITIONS = (
					"DEBUG=1",
					"$(inherited)",
				);
				GCC_WARN_64_TO_32_BIT_CONVERSION = YES;
				GCC_WARN_ABOUT_RETURN_TYPE = YES_ERROR;
				GCC_WARN_UNDECLARED_SELECTOR = YES;
				GCC_WARN_UNINITIALIZED_AUTOS = YES_AGGRESSIVE;
				GCC_WARN_UNUSED_FUNCTION = YES;
				GCC_WARN_UNUSED_VARIABLE = YES;
				IPHONEOS_DEPLOYMENT_TARGET = 9.2;
				MTL_ENABLE_DEBUG_INFO = YES;
				ONLY_ACTIVE_ARCH = YES;
				SDKROOT = iphoneos;
				SWIFT_OPTIMIZATION_LEVEL = "-Onone";
			};
			name = Debug;
		};
		11ED7B641C7E9064007E8884 /* Release */ = {
			isa = XCBuildConfiguration;
			buildSettings = {
				ALWAYS_SEARCH_USER_PATHS = NO;
				CLANG_CXX_LANGUAGE_STANDARD = "gnu++0x";
				CLANG_CXX_LIBRARY = "libc++";
				CLANG_ENABLE_MODULES = YES;
				CLANG_ENABLE_OBJC_ARC = YES;
				CLANG_WARN_BOOL_CONVERSION = YES;
				CLANG_WARN_CONSTANT_CONVERSION = YES;
				CLANG_WARN_DIRECT_OBJC_ISA_USAGE = YES_ERROR;
				CLANG_WARN_EMPTY_BODY = YES;
				CLANG_WARN_ENUM_CONVERSION = YES;
				CLANG_WARN_INT_CONVERSION = YES;
				CLANG_WARN_OBJC_ROOT_CLASS = YES_ERROR;
				CLANG_WARN_UNREACHABLE_CODE = YES;
				CLANG_WARN__DUPLICATE_METHOD_MATCH = YES;
				"CODE_SIGN_IDENTITY[sdk=iphoneos*]" = "iPhone Developer";
				COPY_PHASE_STRIP = NO;
				DEBUG_INFORMATION_FORMAT = "dwarf-with-dsym";
				ENABLE_NS_ASSERTIONS = NO;
				ENABLE_STRICT_OBJC_MSGSEND = YES;
				GCC_C_LANGUAGE_STANDARD = gnu99;
				GCC_NO_COMMON_BLOCKS = YES;
				GCC_WARN_64_TO_32_BIT_CONVERSION = YES;
				GCC_WARN_ABOUT_RETURN_TYPE = YES_ERROR;
				GCC_WARN_UNDECLARED_SELECTOR = YES;
				GCC_WARN_UNINITIALIZED_AUTOS = YES_AGGRESSIVE;
				GCC_WARN_UNUSED_FUNCTION = YES;
				GCC_WARN_UNUSED_VARIABLE = YES;
				IPHONEOS_DEPLOYMENT_TARGET = 9.2;
				MTL_ENABLE_DEBUG_INFO = NO;
				SDKROOT = iphoneos;
				VALIDATE_PRODUCT = YES;
			};
			name = Release;
		};
		11ED7B661C7E9064007E8884 /* Debug */ = {
			isa = XCBuildConfiguration;
			buildSettings = {
				ASSETCATALOG_COMPILER_APPICON_NAME = AppIcon;
				INFOPLIST_FILE = "Project-6 放大和滑动图片/Info.plist";
				LD_RUNPATH_SEARCH_PATHS = "$(inherited) @executable_path/Frameworks";
				PRODUCT_BUNDLE_IDENTIFIER = "com.szgyzb.Project-6--------";
				PRODUCT_NAME = "$(TARGET_NAME)";
			};
			name = Debug;
		};
		11ED7B671C7E9064007E8884 /* Release */ = {
			isa = XCBuildConfiguration;
			buildSettings = {
				ASSETCATALOG_COMPILER_APPICON_NAME = AppIcon;
				INFOPLIST_FILE = "Project-6 放大和滑动图片/Info.plist";
				LD_RUNPATH_SEARCH_PATHS = "$(inherited) @executable_path/Frameworks";
				PRODUCT_BUNDLE_IDENTIFIER = "com.szgyzb.Project-6--------";
				PRODUCT_NAME = "$(TARGET_NAME)";
			};
			name = Release;
		};
/* End XCBuildConfiguration section */

/* Begin XCConfigurationList section */
		11ED7B4E1C7E9064007E8884 /* Build configuration list for PBXProject "Project-6 放大和滑动图片" */ = {
			isa = XCConfigurationList;
			buildConfigurations = (
				11ED7B631C7E9064007E8884 /* Debug */,
				11ED7B641C7E9064007E8884 /* Release */,
			);
			defaultConfigurationIsVisible = 0;
			defaultConfigurationName = Release;
		};
		11ED7B651C7E9064007E8884 /* Build configuration list for PBXNativeTarget "Project-6 放大和滑动图片" */ = {
			isa = XCConfigurationList;
			buildConfigurations = (
				11ED7B661C7E9064007E8884 /* Debug */,
				11ED7B671C7E9064007E8884 /* Release */,
			);
			defaultConfigurationIsVisible = 0;
		};
/* End XCConfigurationList section */
	};
	rootObject = 11ED7B4B1C7E9064007E8884 /* Project object */;
}
